// !$*UTF8*$!
{
	archiveVersion = 1;
	classes = {
	};
	objectVersion = 56;
	objects = {

/* Begin PBXBuildFile section */
		3B4402DD29A2A1F3003CAB42 /* RocketLaunchesApp.swift in Sources */ = {isa = PBXBuildFile; fileRef = 3B4402DC29A2A1F3003CAB42 /* RocketLaunchesApp.swift */; };
		3B4402DF29A2A1F3003CAB42 /* ContentView.swift in Sources */ = {isa = PBXBuildFile; fileRef = 3B4402DE29A2A1F3003CAB42 /* ContentView.swift */; };
		3B4402E129A2A1F6003CAB42 /* Assets.xcassets in Resources */ = {isa = PBXBuildFile; fileRef = 3B4402E029A2A1F6003CAB42 /* Assets.xcassets */; };
		3B4402E429A2A1F6003CAB42 /* Preview Assets.xcassets in Resources */ = {isa = PBXBuildFile; fileRef = 3B4402E329A2A1F6003CAB42 /* Preview Assets.xcassets */; };
		3B4402EB29A2A20D003CAB42 /* README.md in Resources */ = {isa = PBXBuildFile; fileRef = 3B4402EA29A2A20D003CAB42 /* README.md */; };
		3B44030E29A2BA5D003CAB42 /* TagsView.swift in Sources */ = {isa = PBXBuildFile; fileRef = 3B44030D29A2BA5D003CAB42 /* TagsView.swift */; };
		3B44031329A2BAB5003CAB42 /* ListView.swift in Sources */ = {isa = PBXBuildFile; fileRef = 3B44031229A2BAB5003CAB42 /* ListView.swift */; };
		3B44031529A2BABD003CAB42 /* ListCreateView.swift in Sources */ = {isa = PBXBuildFile; fileRef = 3B44031429A2BABD003CAB42 /* ListCreateView.swift */; };
		3B44031729A2BAC6003CAB42 /* LaunchesView.swift in Sources */ = {isa = PBXBuildFile; fileRef = 3B44031629A2BAC6003CAB42 /* LaunchesView.swift */; };
		3B44031929A2BAD0003CAB42 /* LaunchCreateView.swift in Sources */ = {isa = PBXBuildFile; fileRef = 3B44031829A2BACF003CAB42 /* LaunchCreateView.swift */; };
		3B44031B29A2BAD7003CAB42 /* LaunchDetailView.swift in Sources */ = {isa = PBXBuildFile; fileRef = 3B44031A29A2BAD7003CAB42 /* LaunchDetailView.swift */; };
		3B44031D29A2BAE0003CAB42 /* LaunchStatusView.swift in Sources */ = {isa = PBXBuildFile; fileRef = 3B44031C29A2BAE0003CAB42 /* LaunchStatusView.swift */; };
		3B44031F29A2BB07003CAB42 /* SpaceXLaunchDetailView.swift in Sources */ = {isa = PBXBuildFile; fileRef = 3B44031E29A2BB07003CAB42 /* SpaceXLaunchDetailView.swift */; };
		3B44032129A2BB15003CAB42 /* SpaceXLaunchesView.swift in Sources */ = {isa = PBXBuildFile; fileRef = 3B44032029A2BB15003CAB42 /* SpaceXLaunchesView.swift */; };
		3B44032529A2BB30003CAB42 /* SpaceXFairings.swift in Sources */ = {isa = PBXBuildFile; fileRef = 3B44032429A2BB30003CAB42 /* SpaceXFairings.swift */; };
		3B44032729A2BB39003CAB42 /* SpaceXLaunchJSON.swift in Sources */ = {isa = PBXBuildFile; fileRef = 3B44032629A2BB39003CAB42 /* SpaceXLaunchJSON.swift */; };
		3B44032929A2BB41003CAB42 /* SpaceXLinks.swift in Sources */ = {isa = PBXBuildFile; fileRef = 3B44032829A2BB41003CAB42 /* SpaceXLinks.swift */; };
		3B44033A29A2BBFD003CAB42 /* SpaceXAPI.swift in Sources */ = {isa = PBXBuildFile; fileRef = 3B44033929A2BBFD003CAB42 /* SpaceXAPI.swift */; };
		3B44033D29A2BD7D003CAB42 /* RocketLaunches.xcdatamodeld in Sources */ = {isa = PBXBuildFile; fileRef = 3B44033B29A2BD7D003CAB42 /* RocketLaunches.xcdatamodeld */; };
		3B44035C29A2E34A003CAB42 /* RocketLaunch+CoreDataClass.swift in Sources */ = {isa = PBXBuildFile; fileRef = 3B44035629A2E34A003CAB42 /* RocketLaunch+CoreDataClass.swift */; };
		3B44035D29A2E34A003CAB42 /* RocketLaunch+CoreDataProperties.swift in Sources */ = {isa = PBXBuildFile; fileRef = 3B44035729A2E34A003CAB42 /* RocketLaunch+CoreDataProperties.swift */; };
		3B44035E29A2E34A003CAB42 /* Tag+CoreDataClass.swift in Sources */ = {isa = PBXBuildFile; fileRef = 3B44035829A2E34A003CAB42 /* Tag+CoreDataClass.swift */; };
		3B44035F29A2E34A003CAB42 /* Tag+CoreDataProperties.swift in Sources */ = {isa = PBXBuildFile; fileRef = 3B44035929A2E34A003CAB42 /* Tag+CoreDataProperties.swift */; };
		3B44036029A2E34A003CAB42 /* RocketLaunchList+CoreDataClass.swift in Sources */ = {isa = PBXBuildFile; fileRef = 3B44035A29A2E34A003CAB42 /* RocketLaunchList+CoreDataClass.swift */; };
		3B44036129A2E34A003CAB42 /* RocketLaunchList+CoreDataProperties.swift in Sources */ = {isa = PBXBuildFile; fileRef = 3B44035B29A2E34A003CAB42 /* RocketLaunchList+CoreDataProperties.swift */; };
		3BE2D24929A2EC3600908EE1 /* Persistence.swift in Sources */ = {isa = PBXBuildFile; fileRef = 3BE2D24829A2EC3500908EE1 /* Persistence.swift */; };
/* End PBXBuildFile section */

/* Begin PBXFileReference section */
		3B4402D929A2A1F3003CAB42 /* RocketLaunches.app */ = {isa = PBXFileReference; explicitFileType = wrapper.application; includeInIndex = 0; path = RocketLaunches.app; sourceTree = BUILT_PRODUCTS_DIR; };
		3B4402DC29A2A1F3003CAB42 /* RocketLaunchesApp.swift */ = {isa = PBXFileReference; lastKnownFileType = sourcecode.swift; path = RocketLaunchesApp.swift; sourceTree = "<group>"; };
		3B4402DE29A2A1F3003CAB42 /* ContentView.swift */ = {isa = PBXFileReference; lastKnownFileType = sourcecode.swift; path = ContentView.swift; sourceTree = "<group>"; };
		3B4402E029A2A1F6003CAB42 /* Assets.xcassets */ = {isa = PBXFileReference; lastKnownFileType = folder.assetcatalog; path = Assets.xcassets; sourceTree = "<group>"; };
		3B4402E329A2A1F6003CAB42 /* Preview Assets.xcassets */ = {isa = PBXFileReference; lastKnownFileType = folder.assetcatalog; path = "Preview Assets.xcassets"; sourceTree = "<group>"; };
		3B4402EA29A2A20D003CAB42 /* README.md */ = {isa = PBXFileReference; lastKnownFileType = net.daringfireball.markdown; path = README.md; sourceTree = "<group>"; };
		3B44030D29A2BA5D003CAB42 /* TagsView.swift */ = {isa = PBXFileReference; lastKnownFileType = sourcecode.swift; path = TagsView.swift; sourceTree = "<group>"; };
		3B44031229A2BAB5003CAB42 /* ListView.swift */ = {isa = PBXFileReference; lastKnownFileType = sourcecode.swift; path = ListView.swift; sourceTree = "<group>"; };
		3B44031429A2BABD003CAB42 /* ListCreateView.swift */ = {isa = PBXFileReference; lastKnownFileType = sourcecode.swift; path = ListCreateView.swift; sourceTree = "<group>"; };
		3B44031629A2BAC6003CAB42 /* LaunchesView.swift */ = {isa = PBXFileReference; lastKnownFileType = sourcecode.swift; path = LaunchesView.swift; sourceTree = "<group>"; };
		3B44031829A2BACF003CAB42 /* LaunchCreateView.swift */ = {isa = PBXFileReference; lastKnownFileType = sourcecode.swift; path = LaunchCreateView.swift; sourceTree = "<group>"; };
		3B44031A29A2BAD7003CAB42 /* LaunchDetailView.swift */ = {isa = PBXFileReference; lastKnownFileType = sourcecode.swift; path = LaunchDetailView.swift; sourceTree = "<group>"; };
		3B44031C29A2BAE0003CAB42 /* LaunchStatusView.swift */ = {isa = PBXFileReference; lastKnownFileType = sourcecode.swift; path = LaunchStatusView.swift; sourceTree = "<group>"; };
		3B44031E29A2BB07003CAB42 /* SpaceXLaunchDetailView.swift */ = {isa = PBXFileReference; lastKnownFileType = sourcecode.swift; path = SpaceXLaunchDetailView.swift; sourceTree = "<group>"; };
		3B44032029A2BB15003CAB42 /* SpaceXLaunchesView.swift */ = {isa = PBXFileReference; lastKnownFileType = sourcecode.swift; path = SpaceXLaunchesView.swift; sourceTree = "<group>"; };
		3B44032429A2BB30003CAB42 /* SpaceXFairings.swift */ = {isa = PBXFileReference; lastKnownFileType = sourcecode.swift; path = SpaceXFairings.swift; sourceTree = "<group>"; };
		3B44032629A2BB39003CAB42 /* SpaceXLaunchJSON.swift */ = {isa = PBXFileReference; lastKnownFileType = sourcecode.swift; path = SpaceXLaunchJSON.swift; sourceTree = "<group>"; };
		3B44032829A2BB41003CAB42 /* SpaceXLinks.swift */ = {isa = PBXFileReference; lastKnownFileType = sourcecode.swift; path = SpaceXLinks.swift; sourceTree = "<group>"; };
		3B44033929A2BBFD003CAB42 /* SpaceXAPI.swift */ = {isa = PBXFileReference; lastKnownFileType = sourcecode.swift; path = SpaceXAPI.swift; sourceTree = "<group>"; };
		3B44033C29A2BD7D003CAB42 /* RocketLaunches.xcdatamodel */ = {isa = PBXFileReference; lastKnownFileType = wrapper.xcdatamodel; path = RocketLaunches.xcdatamodel; sourceTree = "<group>"; };
		3B44035629A2E34A003CAB42 /* RocketLaunch+CoreDataClass.swift */ = {isa = PBXFileReference; lastKnownFileType = sourcecode.swift; path = "RocketLaunch+CoreDataClass.swift"; sourceTree = "<group>"; };
		3B44035729A2E34A003CAB42 /* RocketLaunch+CoreDataProperties.swift */ = {isa = PBXFileReference; lastKnownFileType = sourcecode.swift; path = "RocketLaunch+CoreDataProperties.swift"; sourceTree = "<group>"; };
		3B44035829A2E34A003CAB42 /* Tag+CoreDataClass.swift */ = {isa = PBXFileReference; lastKnownFileType = sourcecode.swift; path = "Tag+CoreDataClass.swift"; sourceTree = "<group>"; };
		3B44035929A2E34A003CAB42 /* Tag+CoreDataProperties.swift */ = {isa = PBXFileReference; lastKnownFileType = sourcecode.swift; path = "Tag+CoreDataProperties.swift"; sourceTree = "<group>"; };
		3B44035A29A2E34A003CAB42 /* RocketLaunchList+CoreDataClass.swift */ = {isa = PBXFileReference; lastKnownFileType = sourcecode.swift; path = "RocketLaunchList+CoreDataClass.swift"; sourceTree = "<group>"; };
		3B44035B29A2E34A003CAB42 /* RocketLaunchList+CoreDataProperties.swift */ = {isa = PBXFileReference; lastKnownFileType = sourcecode.swift; path = "RocketLaunchList+CoreDataProperties.swift"; sourceTree = "<group>"; };
		3BE2D24829A2EC3500908EE1 /* Persistence.swift */ = {isa = PBXFileReference; fileEncoding = 4; lastKnownFileType = sourcecode.swift; path = Persistence.swift; sourceTree = "<group>"; };
/* End PBXFileReference section */

/* Begin PBXFrameworksBuildPhase section */
		3B4402D629A2A1F3003CAB42 /* Frameworks */ = {
			isa = PBXFrameworksBuildPhase;
			buildActionMask = 2147483647;
			files = (
			);
			runOnlyForDeploymentPostprocessing = 0;
		};
/* End PBXFrameworksBuildPhase section */

/* Begin PBXGroup section */
		3B4402D029A2A1F3003CAB42 = {
			isa = PBXGroup;
			children = (
				3B4402EA29A2A20D003CAB42 /* README.md */,
				3B4402DB29A2A1F3003CAB42 /* RocketLaunches */,
				3B4402DA29A2A1F3003CAB42 /* Products */,
			);
			sourceTree = "<group>";
		};
		3B4402DA29A2A1F3003CAB42 /* Products */ = {
			isa = PBXGroup;
			children = (
				3B4402D929A2A1F3003CAB42 /* RocketLaunches.app */,
			);
			name = Products;
			sourceTree = "<group>";
		};
		3B4402DB29A2A1F3003CAB42 /* RocketLaunches */ = {
			isa = PBXGroup;
			children = (
				3B44030A29A2B9FF003CAB42 /* Application */,
				3B44033829A2BBF0003CAB42 /* RESTAPI */,
				3B44032229A2BB1F003CAB42 /* Model */,
				3B44030C29A2BA50003CAB42 /* View */,
				3B44030B29A2BA03003CAB42 /* Supporting Files */,
				3B4402E229A2A1F6003CAB42 /* Preview Content */,
				3B44033B29A2BD7D003CAB42 /* RocketLaunches.xcdatamodeld */,
			);
			path = RocketLaunches;
			sourceTree = "<group>";
		};
		3B4402E229A2A1F6003CAB42 /* Preview Content */ = {
			isa = PBXGroup;
			children = (
				3B4402E329A2A1F6003CAB42 /* Preview Assets.xcassets */,
			);
			path = "Preview Content";
			sourceTree = "<group>";
		};
		3B44030A29A2B9FF003CAB42 /* Application */ = {
			isa = PBXGroup;
			children = (
				3B4402DC29A2A1F3003CAB42 /* RocketLaunchesApp.swift */,
				3B4402E029A2A1F6003CAB42 /* Assets.xcassets */,
			);
			path = Application;
			sourceTree = "<group>";
		};
		3B44030B29A2BA03003CAB42 /* Supporting Files */ = {
			isa = PBXGroup;
			children = (
			);
			path = "Supporting Files";
			sourceTree = "<group>";
		};
		3B44030C29A2BA50003CAB42 /* View */ = {
			isa = PBXGroup;
			children = (
				3B44030F29A2BA93003CAB42 /* Tag */,
				3B44031029A2BA9E003CAB42 /* LaunchList */,
				3B44031129A2BAA3003CAB42 /* Launch */,
				3B4402DE29A2A1F3003CAB42 /* ContentView.swift */,
			);
			path = View;
			sourceTree = "<group>";
		};
		3B44030F29A2BA93003CAB42 /* Tag */ = {
			isa = PBXGroup;
			children = (
				3B44030D29A2BA5D003CAB42 /* TagsView.swift */,
			);
			path = Tag;
			sourceTree = "<group>";
		};
		3B44031029A2BA9E003CAB42 /* LaunchList */ = {
			isa = PBXGroup;
			children = (
				3B44031229A2BAB5003CAB42 /* ListView.swift */,
				3B44031429A2BABD003CAB42 /* ListCreateView.swift */,
			);
			path = LaunchList;
			sourceTree = "<group>";
		};
		3B44031129A2BAA3003CAB42 /* Launch */ = {
			isa = PBXGroup;
			children = (
				3B44031629A2BAC6003CAB42 /* LaunchesView.swift */,
				3B44031829A2BACF003CAB42 /* LaunchCreateView.swift */,
				3B44031A29A2BAD7003CAB42 /* LaunchDetailView.swift */,
				3B44031C29A2BAE0003CAB42 /* LaunchStatusView.swift */,
				3B44031E29A2BB07003CAB42 /* SpaceXLaunchDetailView.swift */,
				3B44032029A2BB15003CAB42 /* SpaceXLaunchesView.swift */,
			);
			path = Launch;
			sourceTree = "<group>";
		};
		3B44032229A2BB1F003CAB42 /* Model */ = {
			isa = PBXGroup;
			children = (
				3B44032329A2BB24003CAB42 /* SpaceX */,
				3B44035629A2E34A003CAB42 /* RocketLaunch+CoreDataClass.swift */,
				3BE2D24829A2EC3500908EE1 /* Persistence.swift */,
				3B44035729A2E34A003CAB42 /* RocketLaunch+CoreDataProperties.swift */,
				3B44035829A2E34A003CAB42 /* Tag+CoreDataClass.swift */,
				3B44035929A2E34A003CAB42 /* Tag+CoreDataProperties.swift */,
				3B44035A29A2E34A003CAB42 /* RocketLaunchList+CoreDataClass.swift */,
				3B44035B29A2E34A003CAB42 /* RocketLaunchList+CoreDataProperties.swift */,
			);
			path = Model;
			sourceTree = "<group>";
		};
		3B44032329A2BB24003CAB42 /* SpaceX */ = {
			isa = PBXGroup;
			children = (
				3B44032429A2BB30003CAB42 /* SpaceXFairings.swift */,
				3B44032629A2BB39003CAB42 /* SpaceXLaunchJSON.swift */,
				3B44032829A2BB41003CAB42 /* SpaceXLinks.swift */,
			);
			path = SpaceX;
			sourceTree = "<group>";
		};
		3B44033829A2BBF0003CAB42 /* RESTAPI */ = {
			isa = PBXGroup;
			children = (
				3B44033929A2BBFD003CAB42 /* SpaceXAPI.swift */,
			);
			path = RESTAPI;
			sourceTree = "<group>";
		};
/* End PBXGroup section */

/* Begin PBXNativeTarget section */
		3B4402D829A2A1F3003CAB42 /* RocketLaunches */ = {
			isa = PBXNativeTarget;
			buildConfigurationList = 3B4402E729A2A1F6003CAB42 /* Build configuration list for PBXNativeTarget "RocketLaunches" */;
			buildPhases = (
				3B4402D529A2A1F3003CAB42 /* Sources */,
				3B4402D629A2A1F3003CAB42 /* Frameworks */,
				3B4402D729A2A1F3003CAB42 /* Resources */,
				3B4402EC29A2A231003CAB42 /* SwiftLint */,
			);
			buildRules = (
			);
			dependencies = (
			);
			name = RocketLaunches;
			productName = RocketLaunches;
			productReference = 3B4402D929A2A1F3003CAB42 /* RocketLaunches.app */;
			productType = "com.apple.product-type.application";
		};
/* End PBXNativeTarget section */

/* Begin PBXProject section */
		3B4402D129A2A1F3003CAB42 /* Project object */ = {
			isa = PBXProject;
			attributes = {
				BuildIndependentTargetsInParallel = 1;
				LastSwiftUpdateCheck = 1410;
				LastUpgradeCheck = 1410;
				TargetAttributes = {
					3B4402D829A2A1F3003CAB42 = {
						CreatedOnToolsVersion = 14.1;
					};
				};
			};
			buildConfigurationList = 3B4402D429A2A1F3003CAB42 /* Build configuration list for PBXProject "RocketLaunches" */;
			compatibilityVersion = "Xcode 14.0";
			developmentRegion = en;
			hasScannedForEncodings = 0;
			knownRegions = (
				en,
				Base,
			);
			mainGroup = 3B4402D029A2A1F3003CAB42;
			productRefGroup = 3B4402DA29A2A1F3003CAB42 /* Products */;
			projectDirPath = "";
			projectRoot = "";
			targets = (
				3B4402D829A2A1F3003CAB42 /* RocketLaunches */,
			);
		};
/* End PBXProject section */

/* Begin PBXResourcesBuildPhase section */
		3B4402D729A2A1F3003CAB42 /* Resources */ = {
			isa = PBXResourcesBuildPhase;
			buildActionMask = 2147483647;
			files = (
				3B4402EB29A2A20D003CAB42 /* README.md in Resources */,
				3B4402E429A2A1F6003CAB42 /* Preview Assets.xcassets in Resources */,
				3B4402E129A2A1F6003CAB42 /* Assets.xcassets in Resources */,
			);
			runOnlyForDeploymentPostprocessing = 0;
		};
/* End PBXResourcesBuildPhase section */

/* Begin PBXShellScriptBuildPhase section */
		3B4402EC29A2A231003CAB42 /* SwiftLint */ = {
			isa = PBXShellScriptBuildPhase;
			alwaysOutOfDate = 1;
			buildActionMask = 2147483647;
			files = (
			);
			inputFileListPaths = (
			);
			inputPaths = (
			);
			name = SwiftLint;
			outputFileListPaths = (
			);
			outputPaths = (
			);
			runOnlyForDeploymentPostprocessing = 0;
			shellPath = /bin/sh;
			shellScript = "export PATH=\"$PATH:/opt/homebrew/bin\"\nif which swiftlint > /dev/null; then\n  swiftlint\nelse\n  echo \"warning: SwiftLint not installed, download from https://github.com/realm/SwiftLint\"\nfi\n\n";
		};
/* End PBXShellScriptBuildPhase section */

/* Begin PBXSourcesBuildPhase section */
		3B4402D529A2A1F3003CAB42 /* Sources */ = {
			isa = PBXSourcesBuildPhase;
			buildActionMask = 2147483647;
			files = (
				3B44031D29A2BAE0003CAB42 /* LaunchStatusView.swift in Sources */,
				3B44035D29A2E34A003CAB42 /* RocketLaunch+CoreDataProperties.swift in Sources */,
				3B44031329A2BAB5003CAB42 /* ListView.swift in Sources */,
				3B44036129A2E34A003CAB42 /* RocketLaunchList+CoreDataProperties.swift in Sources */,
				3B44031529A2BABD003CAB42 /* ListCreateView.swift in Sources */,
				3B44031B29A2BAD7003CAB42 /* LaunchDetailView.swift in Sources */,
				3B44036029A2E34A003CAB42 /* RocketLaunchList+CoreDataClass.swift in Sources */,
				3B4402DF29A2A1F3003CAB42 /* ContentView.swift in Sources */,
				3B44031729A2BAC6003CAB42 /* LaunchesView.swift in Sources */,
				3B44031F29A2BB07003CAB42 /* SpaceXLaunchDetailView.swift in Sources */,
				3B44032929A2BB41003CAB42 /* SpaceXLinks.swift in Sources */,
				3B44035E29A2E34A003CAB42 /* Tag+CoreDataClass.swift in Sources */,
				3B44035F29A2E34A003CAB42 /* Tag+CoreDataProperties.swift in Sources */,
				3B44032129A2BB15003CAB42 /* SpaceXLaunchesView.swift in Sources */,
				3B44035C29A2E34A003CAB42 /* RocketLaunch+CoreDataClass.swift in Sources */,
				3BE2D24929A2EC3600908EE1 /* Persistence.swift in Sources */,
				3B44033D29A2BD7D003CAB42 /* RocketLaunches.xcdatamodeld in Sources */,
				3B4402DD29A2A1F3003CAB42 /* RocketLaunchesApp.swift in Sources */,
				3B44033A29A2BBFD003CAB42 /* SpaceXAPI.swift in Sources */,
				3B44030E29A2BA5D003CAB42 /* TagsView.swift in Sources */,
				3B44032529A2BB30003CAB42 /* SpaceXFairings.swift in Sources */,
				3B44031929A2BAD0003CAB42 /* LaunchCreateView.swift in Sources */,
				3B44032729A2BB39003CAB42 /* SpaceXLaunchJSON.swift in Sources */,
			);
			runOnlyForDeploymentPostprocessing = 0;
		};
/* End PBXSourcesBuildPhase section */

/* Begin XCBuildConfiguration section */
		3B4402E529A2A1F6003CAB42 /* Debug */ = {
			isa = XCBuildConfiguration;
			buildSettings = {
				ALWAYS_SEARCH_USER_PATHS = NO;
				CLANG_ANALYZER_NONNULL = YES;
				CLANG_ANALYZER_NUMBER_OBJECT_CONVERSION = YES_AGGRESSIVE;
				CLANG_CXX_LANGUAGE_STANDARD = "gnu++20";
				CLANG_ENABLE_MODULES = YES;
				CLANG_ENABLE_OBJC_ARC = YES;
				CLANG_ENABLE_OBJC_WEAK = YES;
				CLANG_WARN_BLOCK_CAPTURE_AUTORELEASING = YES;
				CLANG_WARN_BOOL_CONVERSION = YES;
				CLANG_WARN_COMMA = YES;
				CLANG_WARN_CONSTANT_CONVERSION = YES;
				CLANG_WARN_DEPRECATED_OBJC_IMPLEMENTATIONS = YES;
				CLANG_WARN_DIRECT_OBJC_ISA_USAGE = YES_ERROR;
				CLANG_WARN_DOCUMENTATION_COMMENTS = YES;
				CLANG_WARN_EMPTY_BODY = YES;
				CLANG_WARN_ENUM_CONVERSION = YES;
				CLANG_WARN_INFINITE_RECURSION = YES;
				CLANG_WARN_INT_CONVERSION = YES;
				CLANG_WARN_NON_LITERAL_NULL_CONVERSION = YES;
				CLANG_WARN_OBJC_IMPLICIT_RETAIN_SELF = YES;
				CLANG_WARN_OBJC_LITERAL_CONVERSION = YES;
				CLANG_WARN_OBJC_ROOT_CLASS = YES_ERROR;
				CLANG_WARN_QUOTED_INCLUDE_IN_FRAMEWORK_HEADER = YES;
				CLANG_WARN_RANGE_LOOP_ANALYSIS = YES;
				CLANG_WARN_STRICT_PROTOTYPES = YES;
				CLANG_WARN_SUSPICIOUS_MOVE = YES;
				CLANG_WARN_UNGUARDED_AVAILABILITY = YES_AGGRESSIVE;
				CLANG_WARN_UNREACHABLE_CODE = YES;
				CLANG_WARN__DUPLICATE_METHOD_MATCH = YES;
				COPY_PHASE_STRIP = NO;
				DEBUG_INFORMATION_FORMAT = dwarf;
				ENABLE_STRICT_OBJC_MSGSEND = YES;
				ENABLE_TESTABILITY = YES;
				GCC_C_LANGUAGE_STANDARD = gnu11;
				GCC_DYNAMIC_NO_PIC = NO;
				GCC_NO_COMMON_BLOCKS = YES;
				GCC_OPTIMIZATION_LEVEL = 0;
				GCC_PREPROCESSOR_DEFINITIONS = (
					"DEBUG=1",
					"$(inherited)",
				);
				GCC_WARN_64_TO_32_BIT_CONVERSION = YES;
				GCC_WARN_ABOUT_RETURN_TYPE = YES_ERROR;
				GCC_WARN_UNDECLARED_SELECTOR = YES;
				GCC_WARN_UNINITIALIZED_AUTOS = YES_AGGRESSIVE;
				GCC_WARN_UNUSED_FUNCTION = YES;
				GCC_WARN_UNUSED_VARIABLE = YES;
				IPHONEOS_DEPLOYMENT_TARGET = 16.1;
				MTL_ENABLE_DEBUG_INFO = INCLUDE_SOURCE;
				MTL_FAST_MATH = YES;
				ONLY_ACTIVE_ARCH = YES;
				SDKROOT = iphoneos;
				SWIFT_ACTIVE_COMPILATION_CONDITIONS = DEBUG;
				SWIFT_OPTIMIZATION_LEVEL = "-Onone";
			};
			name = Debug;
		};
		3B4402E629A2A1F6003CAB42 /* Release */ = {
			isa = XCBuildConfiguration;
			buildSettings = {
				ALWAYS_SEARCH_USER_PATHS = NO;
				CLANG_ANALYZER_NONNULL = YES;
				CLANG_ANALYZER_NUMBER_OBJECT_CONVERSION = YES_AGGRESSIVE;
				CLANG_CXX_LANGUAGE_STANDARD = "gnu++20";
				CLANG_ENABLE_MODULES = YES;
				CLANG_ENABLE_OBJC_ARC = YES;
				CLANG_ENABLE_OBJC_WEAK = YES;
				CLANG_WARN_BLOCK_CAPTURE_AUTORELEASING = YES;
				CLANG_WARN_BOOL_CONVERSION = YES;
				CLANG_WARN_COMMA = YES;
				CLANG_WARN_CONSTANT_CONVERSION = YES;
				CLANG_WARN_DEPRECATED_OBJC_IMPLEMENTATIONS = YES;
				CLANG_WARN_DIRECT_OBJC_ISA_USAGE = YES_ERROR;
				CLANG_WARN_DOCUMENTATION_COMMENTS = YES;
				CLANG_WARN_EMPTY_BODY = YES;
				CLANG_WARN_ENUM_CONVERSION = YES;
				CLANG_WARN_INFINITE_RECURSION = YES;
				CLANG_WARN_INT_CONVERSION = YES;
				CLANG_WARN_NON_LITERAL_NULL_CONVERSION = YES;
				CLANG_WARN_OBJC_IMPLICIT_RETAIN_SELF = YES;
				CLANG_WARN_OBJC_LITERAL_CONVERSION = YES;
				CLANG_WARN_OBJC_ROOT_CLASS = YES_ERROR;
				CLANG_WARN_QUOTED_INCLUDE_IN_FRAMEWORK_HEADER = YES;
				CLANG_WARN_RANGE_LOOP_ANALYSIS = YES;
				CLANG_WARN_STRICT_PROTOTYPES = YES;
				CLANG_WARN_SUSPICIOUS_MOVE = YES;
				CLANG_WARN_UNGUARDED_AVAILABILITY = YES_AGGRESSIVE;
				CLANG_WARN_UNREACHABLE_CODE = YES;
				CLANG_WARN__DUPLICATE_METHOD_MATCH = YES;
				COPY_PHASE_STRIP = NO;
				DEBUG_INFORMATION_FORMAT = "dwarf-with-dsym";
				ENABLE_NS_ASSERTIONS = NO;
				ENABLE_STRICT_OBJC_MSGSEND = YES;
				GCC_C_LANGUAGE_STANDARD = gnu11;
				GCC_NO_COMMON_BLOCKS = YES;
				GCC_WARN_64_TO_32_BIT_CONVERSION = YES;
				GCC_WARN_ABOUT_RETURN_TYPE = YES_ERROR;
				GCC_WARN_UNDECLARED_SELECTOR = YES;
				GCC_WARN_UNINITIALIZED_AUTOS = YES_AGGRESSIVE;
				GCC_WARN_UNUSED_FUNCTION = YES;
				GCC_WARN_UNUSED_VARIABLE = YES;
				IPHONEOS_DEPLOYMENT_TARGET = 16.1;
				MTL_ENABLE_DEBUG_INFO = NO;
				MTL_FAST_MATH = YES;
				SDKROOT = iphoneos;
				SWIFT_COMPILATION_MODE = wholemodule;
				SWIFT_OPTIMIZATION_LEVEL = "-O";
				VALIDATE_PRODUCT = YES;
			};
			name = Release;
		};
		3B4402E829A2A1F6003CAB42 /* Debug */ = {
			isa = XCBuildConfiguration;
			buildSettings = {
				ASSETCATALOG_COMPILER_APPICON_NAME = AppIcon;
				ASSETCATALOG_COMPILER_GLOBAL_ACCENT_COLOR_NAME = AccentColor;
				CODE_SIGN_STYLE = Automatic;
				CURRENT_PROJECT_VERSION = 1;
				DEVELOPMENT_ASSET_PATHS = "\"RocketLaunches/Preview Content\"";
				DEVELOPMENT_TEAM = 372C6ZRL6X;
				ENABLE_PREVIEWS = YES;
				GENERATE_INFOPLIST_FILE = YES;
				INFOPLIST_KEY_UIApplicationSceneManifest_Generation = YES;
				INFOPLIST_KEY_UIApplicationSupportsIndirectInputEvents = YES;
				INFOPLIST_KEY_UILaunchScreen_Generation = YES;
				INFOPLIST_KEY_UISupportedInterfaceOrientations_iPad = "UIInterfaceOrientationPortrait UIInterfaceOrientationPortraitUpsideDown UIInterfaceOrientationLandscapeLeft UIInterfaceOrientationLandscapeRight";
				INFOPLIST_KEY_UISupportedInterfaceOrientations_iPhone = "UIInterfaceOrientationPortrait UIInterfaceOrientationLandscapeLeft UIInterfaceOrientationLandscapeRight";
				IPHONEOS_DEPLOYMENT_TARGET = 15.4;
				LD_RUNPATH_SEARCH_PATHS = (
					"$(inherited)",
					"@executable_path/Frameworks",
				);
				MARKETING_VERSION = 1.0;
				PRODUCT_BUNDLE_IDENTIFIER = com.abhinaypratap.RocketLaunches;
				PRODUCT_NAME = "$(TARGET_NAME)";
				SUPPORTED_PLATFORMS = "iphoneos iphonesimulator";
				SUPPORTS_MACCATALYST = NO;
				SUPPORTS_MAC_DESIGNED_FOR_IPHONE_IPAD = NO;
				SWIFT_EMIT_LOC_STRINGS = YES;
				SWIFT_VERSION = 5.0;
				TARGETED_DEVICE_FAMILY = 1;
			};
			name = Debug;
		};
		3B4402E929A2A1F6003CAB42 /* Release */ = {
			isa = XCBuildConfiguration;
			buildSettings = {
				ASSETCATALOG_COMPILER_APPICON_NAME = AppIcon;
				ASSETCATALOG_COMPILER_GLOBAL_ACCENT_COLOR_NAME = AccentColor;
				CODE_SIGN_STYLE = Automatic;
				CURRENT_PROJECT_VERSION = 1;
				DEVELOPMENT_ASSET_PATHS = "\"RocketLaunches/Preview Content\"";
				DEVELOPMENT_TEAM = 372C6ZRL6X;
				ENABLE_PREVIEWS = YES;
				GENERATE_INFOPLIST_FILE = YES;
				INFOPLIST_KEY_UIApplicationSceneManifest_Generation = YES;
				INFOPLIST_KEY_UIApplicationSupportsIndirectInputEvents = YES;
				INFOPLIST_KEY_UILaunchScreen_Generation = YES;
				INFOPLIST_KEY_UISupportedInterfaceOrientations_iPad = "UIInterfaceOrientationPortrait UIInterfaceOrientationPortraitUpsideDown UIInterfaceOrientationLandscapeLeft UIInterfaceOrientationLandscapeRight";
				INFOPLIST_KEY_UISupportedInterfaceOrientations_iPhone = "UIInterfaceOrientationPortrait UIInterfaceOrientationLandscapeLeft UIInterfaceOrientationLandscapeRight";
				IPHONEOS_DEPLOYMENT_TARGET = 15.4;
				LD_RUNPATH_SEARCH_PATHS = (
					"$(inherited)",
					"@executable_path/Frameworks",
				);
				MARKETING_VERSION = 1.0;
				PRODUCT_BUNDLE_IDENTIFIER = com.abhinaypratap.RocketLaunches;
				PRODUCT_NAME = "$(TARGET_NAME)";
				SUPPORTED_PLATFORMS = "iphoneos iphonesimulator";
				SUPPORTS_MACCATALYST = NO;
				SUPPORTS_MAC_DESIGNED_FOR_IPHONE_IPAD = NO;
				SWIFT_EMIT_LOC_STRINGS = YES;
				SWIFT_VERSION = 5.0;
				TARGETED_DEVICE_FAMILY = 1;
			};
			name = Release;
		};
/* End XCBuildConfiguration section */

/* Begin XCConfigurationList section */
		3B4402D429A2A1F3003CAB42 /* Build configuration list for PBXProject "RocketLaunches" */ = {
			isa = XCConfigurationList;
			buildConfigurations = (
				3B4402E529A2A1F6003CAB42 /* Debug */,
				3B4402E629A2A1F6003CAB42 /* Release */,
			);
			defaultConfigurationIsVisible = 0;
			defaultConfigurationName = Release;
		};
		3B4402E729A2A1F6003CAB42 /* Build configuration list for PBXNativeTarget "RocketLaunches" */ = {
			isa = XCConfigurationList;
			buildConfigurations = (
				3B4402E829A2A1F6003CAB42 /* Debug */,
				3B4402E929A2A1F6003CAB42 /* Release */,
			);
			defaultConfigurationIsVisible = 0;
			defaultConfigurationName = Release;
		};
/* End XCConfigurationList section */

/* Begin XCVersionGroup section */
		3B44033B29A2BD7D003CAB42 /* RocketLaunches.xcdatamodeld */ = {
			isa = XCVersionGroup;
			children = (
				3B44033C29A2BD7D003CAB42 /* RocketLaunches.xcdatamodel */,
			);
			currentVersion = 3B44033C29A2BD7D003CAB42 /* RocketLaunches.xcdatamodel */;
			path = RocketLaunches.xcdatamodeld;
			sourceTree = "<group>";
			versionGroupType = wrapper.xcdatamodel;
		};
/* End XCVersionGroup section */
	};
	rootObject = 3B4402D129A2A1F3003CAB42 /* Project object */;
}
